
Microsoft Visual Studio Solution File, Format Version 12.00
# Visual Studio Version 17
VisualStudioVersion = 17.14.36109.1 d17.14
MinimumVisualStudioVersion = 10.0.40219.1
Project("{FAE04EC0-301F-11D3-BF4B-00C04F79EFBC}") = "EscuelaMusicaAPI", "EscuelaMusicaAPI\EscuelaMusicaAPI.csproj", "{8A620C33-6DF7-4CC8-A1FD-A5A1C20267E7}"
EndProject
Global
	GlobalSection(SolutionConfigurationPlatforms) = preSolution
		Debug|Any CPU = Debug|Any CPU
		Release|Any CPU = Release|Any CPU
	EndGlobalSection
	GlobalSection(ProjectConfigurationPlatforms) = postSolution
		{8A620C33-6DF7-4CC8-A1FD-A5A1C20267E7}.Debug|Any CPU.ActiveCfg = Debug|Any CPU
		{8A620C33-6DF7-4CC8-A1FD-A5A1C20267E7}.Debug|Any CPU.Build.0 = Debug|Any CPU
		{8A620C33-6DF7-4CC8-A1FD-A5A1C20267E7}.Release|Any CPU.ActiveCfg = Release|Any CPU
		{8A620C33-6DF7-4CC8-A1FD-A5A1C20267E7}.Release|Any CPU.Build.0 = Release|Any CPU
	EndGlobalSection
	GlobalSection(SolutionProperties) = preSolution
		HideSolutionNode = FALSE
	EndGlobalSection
	GlobalSection(ExtensibilityGlobals) = postSolution
		SolutionGuid = {A95BB800-410B-42C0-AFC8-9C3C8ECCA298}
	EndGlobalSection
EndGlobal
